<?xml version="1.0" encoding="utf-8"?>
<Project ToolsVersion="4.0" xmlns="http://schemas.microsoft.com/developer/msbuild/2003">
  <ItemGroup>
    <Filter Include="Source Files">
      <UniqueIdentifier>{4FC737F1-C7A5-4376-A066-2A32D752A2FF}</UniqueIdentifier>
      <Extensions>cpp;c;cc;cxx;def;odl;idl;hpj;bat;asm;asmx</Extensions>
    </Filter>
    <Filter Include="Header Files">
      <UniqueIdentifier>{93995380-89BD-4b04-88EB-625FBE52EBFB}</UniqueIdentifier>
      <Extensions>h;hh;hpp;hxx;hm;inl;inc;xsd</Extensions>
    </Filter>
    <Filter Include="Resource Files">
      <UniqueIdentifier>{67DA6AB6-F800-4c08-8B7A-83BB121AAD01}</UniqueIdentifier>
      <Extensions>rc;ico;cur;bmp;dlg;rc2;rct;bin;rgs;gif;jpg;jpeg;jpe;resx;tiff;tif;png;wav;mfcribbon-ms</Extensions>
    </Filter>
    <Filter Include="FilmStock">
      <UniqueIdentifier>{23ac433c-7b7a-487f-abfc-0c09f0e5a0f1}</UniqueIdentifier>
    </Filter>
    <Filter Include="LUTS">
      <UniqueIdentifier>{8c281667-1d2e-43f7-9636-0bd0d761d37e}</UniqueIdentifier>
    </Filter>
    <Filter Include="Camera">
      <UniqueIdentifier>{0bb7a2dd-10a7-4c19-a51e-16e402982465}</UniqueIdentifier>
    </Filter>
  </ItemGroup>
  <ItemGroup>
    <ClCompile Include="Cinelib.cpp">
      <Filter>Source Files</Filter>
    </ClCompile>
  </ItemGroup>
  <ItemGroup>
    <ClInclude Include="Cinelib.h">
      <Filter>Header Files</Filter>
    </ClInclude>
    <ClInclude Include="CameraSensor.h">
      <Filter>Camera</Filter>
    </ClInclude>
    <ClInclude Include="Camera.h">
      <Filter>Camera</Filter>
    </ClInclude>
    <ClInclude Include="CameraLens.h">
      <Filter>Camera</Filter>
    </ClInclude>
    <ClInclude Include="CameraLensProfile.h">
      <Filter>Camera</Filter>
    </ClInclude>
    <ClInclude Include="Box.h">
      <Filter>Camera</Filter>
    </ClInclude>
  </ItemGroup>
</Project>